PODS:
  - AppAuth (1.6.0):
    - AppAuth/Core (= 1.6.0)
    - AppAuth/ExternalUserAgent (= 1.6.0)
  - AppAuth/Core (1.6.0)
  - AppAuth/ExternalUserAgent (1.6.0):
    - AppAuth/Core
  - cloud_firestore (3.5.1):
    - Firebase/Firestore (= 9.6.0)
    - firebase_core
    - Flutter
  - device_info_plus (0.0.1):
    - Flutter
  - Firebase/Analytics (9.6.0):
    - Firebase/Core
  - Firebase/Auth (9.6.0):
    - Firebase/CoreOnly
    - FirebaseAuth (~> 9.6.0)
  - Firebase/Core (9.6.0):
    - Firebase/CoreOnly
    - FirebaseAnalytics (~> 9.6.0)
  - Firebase/CoreOnly (9.6.0):
    - FirebaseCore (= 9.6.0)
  - Firebase/Crashlytics (9.6.0):
    - Firebase/CoreOnly
    - FirebaseCrashlytics (~> 9.6.0)
  - Firebase/Firestore (9.6.0):
    - Firebase/CoreOnly
    - FirebaseFirestore (~> 9.6.0)
  - Firebase/Storage (9.6.0):
    - Firebase/CoreOnly
    - FirebaseStorage (~> 9.6.0)
  - firebase_analytics (9.3.8):
    - Firebase/Analytics (= 9.6.0)
    - firebase_core
    - Flutter
  - firebase_auth (3.11.2):
    - Firebase/Auth (= 9.6.0)
    - firebase_core
    - Flutter
  - firebase_core (1.24.0):
    - Firebase/CoreOnly (= 9.6.0)
    - Flutter
  - firebase_crashlytics (2.9.0):
    - Firebase/Crashlytics (= 9.6.0)
    - firebase_core
    - Flutter
  - firebase_storage (10.3.11):
    - Firebase/Storage (= 9.6.0)
    - firebase_core
    - Flutter
  - FirebaseAnalytics (9.6.0):
    - FirebaseAnalytics/AdIdSupport (= 9.6.0)
    - FirebaseCore (~> 9.0)
    - FirebaseInstallations (~> 9.0)
    - GoogleUtilities/AppDelegateSwizzler (~> 7.7)
    - GoogleUtilities/MethodSwizzler (~> 7.7)
    - GoogleUtilities/Network (~> 7.7)
    - "GoogleUtilities/NSData+zlib (~> 7.7)"
    - nanopb (< 2.30910.0, >= 2.30908.0)
  - FirebaseAnalytics/AdIdSupport (9.6.0):
    - FirebaseCore (~> 9.0)
    - FirebaseInstallations (~> 9.0)
    - GoogleAppMeasurement (= 9.6.0)
    - GoogleUtilities/AppDelegateSwizzler (~> 7.7)
    - GoogleUtilities/MethodSwizzler (~> 7.7)
    - GoogleUtilities/Network (~> 7.7)
    - "GoogleUtilities/NSData+zlib (~> 7.7)"
    - nanopb (< 2.30910.0, >= 2.30908.0)
  - FirebaseAppCheckInterop (9.6.0)
  - FirebaseAuth (9.6.0):
    - FirebaseCore (~> 9.0)
    - GoogleUtilities/AppDelegateSwizzler (~> 7.7)
    - GoogleUtilities/Environment (~> 7.7)
    - GTMSessionFetcher/Core (< 3.0, >= 1.7)
  - FirebaseAuthInterop (9.6.0)
  - FirebaseCore (9.6.0):
    - FirebaseCoreDiagnostics (~> 9.0)
    - FirebaseCoreInternal (~> 9.0)
    - GoogleUtilities/Environment (~> 7.7)
    - GoogleUtilities/Logger (~> 7.7)
  - FirebaseCoreDiagnostics (9.6.0):
    - GoogleDataTransport (< 10.0.0, >= 9.1.4)
    - GoogleUtilities/Environment (~> 7.7)
    - GoogleUtilities/Logger (~> 7.7)
    - nanopb (< 2.30910.0, >= 2.30908.0)
  - FirebaseCoreExtension (9.6.0):
    - FirebaseCore (~> 9.0)
  - FirebaseCoreInternal (9.6.0):
    - "GoogleUtilities/NSData+zlib (~> 7.7)"
  - FirebaseCrashlytics (9.6.0):
    - FirebaseCore (~> 9.0)
    - FirebaseInstallations (~> 9.0)
    - GoogleDataTransport (< 10.0.0, >= 9.1.4)
    - GoogleUtilities/Environment (~> 7.7)
    - nanopb (< 2.30910.0, >= 2.30908.0)
    - PromisesObjC (~> 2.1)
  - FirebaseFirestore (9.6.0):
    - FirebaseFirestore/AutodetectLeveldb (= 9.6.0)
  - FirebaseFirestore/AutodetectLeveldb (9.6.0):
    - FirebaseFirestore/Base
    - FirebaseFirestore/WithLeveldb
  - FirebaseFirestore/Base (9.6.0)
  - FirebaseFirestore/WithLeveldb (9.6.0):
    - FirebaseFirestore/Base
  - FirebaseInstallations (9.6.0):
    - FirebaseCore (~> 9.0)
    - GoogleUtilities/Environment (~> 7.7)
    - GoogleUtilities/UserDefaults (~> 7.7)
    - PromisesObjC (~> 2.1)
  - FirebaseStorage (9.6.0):
    - FirebaseAppCheckInterop (~> 9.0)
    - FirebaseAuthInterop (~> 9.0)
    - FirebaseCore (~> 9.0)
    - FirebaseCoreExtension (~> 9.0)
    - FirebaseStorageInternal (~> 9.0)
  - FirebaseStorageInternal (9.6.0):
    - FirebaseCore (~> 9.0)
    - GTMSessionFetcher/Core (< 3.0, >= 1.7)
  - Flutter (1.0.0)
  - google_maps_flutter_ios (0.0.1):
    - Flutter
    - GoogleMaps
  - google_sign_in_ios (0.0.1):
    - Flutter
    - GoogleSignIn (~> 6.2)
  - GoogleAppMeasurement (9.6.0):
    - GoogleAppMeasurement/AdIdSupport (= 9.6.0)
    - GoogleUtilities/AppDelegateSwizzler (~> 7.7)
    - GoogleUtilities/MethodSwizzler (~> 7.7)
    - GoogleUtilities/Network (~> 7.7)
    - "GoogleUtilities/NSData+zlib (~> 7.7)"
    - nanopb (< 2.30910.0, >= 2.30908.0)
  - GoogleAppMeasurement/AdIdSupport (9.6.0):
    - GoogleAppMeasurement/WithoutAdIdSupport (= 9.6.0)
    - GoogleUtilities/AppDelegateSwizzler (~> 7.7)
    - GoogleUtilities/MethodSwizzler (~> 7.7)
    - GoogleUtilities/Network (~> 7.7)
    - "GoogleUtilities/NSData+zlib (~> 7.7)"
    - nanopb (< 2.30910.0, >= 2.30908.0)
  - GoogleAppMeasurement/WithoutAdIdSupport (9.6.0):
    - GoogleUtilities/AppDelegateSwizzler (~> 7.7)
    - GoogleUtilities/MethodSwizzler (~> 7.7)
    - GoogleUtilities/Network (~> 7.7)
    - "GoogleUtilities/NSData+zlib (~> 7.7)"
    - nanopb (< 2.30910.0, >= 2.30908.0)
  - GoogleDataTransport (9.2.0):
    - GoogleUtilities/Environment (~> 7.7)
    - nanopb (< 2.30910.0, >= 2.30908.0)
    - PromisesObjC (< 3.0, >= 1.2)
  - GoogleMaps (7.2.0):
    - GoogleMaps/Maps (= 7.2.0)
  - GoogleMaps/Base (7.2.0)
  - GoogleMaps/Maps (7.2.0):
    - GoogleMaps/Base
  - GoogleSignIn (6.2.4):
    - AppAuth (~> 1.5)
    - GTMAppAuth (~> 1.3)
    - GTMSessionFetcher/Core (< 3.0, >= 1.1)
  - GoogleUtilities/AppDelegateSwizzler (7.10.0):
    - GoogleUtilities/Environment
    - GoogleUtilities/Logger
    - GoogleUtilities/Network
  - GoogleUtilities/Environment (7.10.0):
    - PromisesObjC (< 3.0, >= 1.2)
  - GoogleUtilities/Logger (7.10.0):
    - GoogleUtilities/Environment
  - GoogleUtilities/MethodSwizzler (7.10.0):
    - GoogleUtilities/Logger
  - GoogleUtilities/Network (7.10.0):
    - GoogleUtilities/Logger
    - "GoogleUtilities/NSData+zlib"
    - GoogleUtilities/Reachability
  - "GoogleUtilities/NSData+zlib (7.10.0)"
  - GoogleUtilities/Reachability (7.10.0):
    - GoogleUtilities/Logger
  - GoogleUtilities/UserDefaults (7.10.0):
    - GoogleUtilities/Logger
  - GTMAppAuth (1.3.1):
    - AppAuth/Core (~> 1.6)
    - GTMSessionFetcher/Core (< 3.0, >= 1.5)
  - GTMSessionFetcher/Core (2.3.0)
  - health (1.0.4):
    - Flutter
  - image_picker_ios (0.0.1):
    - Flutter
  - nanopb (2.30909.0):
    - nanopb/decode (= 2.30909.0)
    - nanopb/encode (= 2.30909.0)
  - nanopb/decode (2.30909.0)
  - nanopb/encode (2.30909.0)
  - package_info (0.0.1):
    - Flutter
  - permission_handler_apple (9.0.4):
    - Flutter
  - PromisesObjC (2.1.1)
  - sign_in_with_apple (0.0.1):
    - Flutter
  - url_launcher_ios (0.0.1):
    - Flutter
  - webview_flutter_wkwebview (0.0.1):
    - Flutter

DEPENDENCIES:
  - cloud_firestore (from `.symlinks/plugins/cloud_firestore/ios`)
  - device_info_plus (from `.symlinks/plugins/device_info_plus/ios`)
  - firebase_analytics (from `.symlinks/plugins/firebase_analytics/ios`)
  - firebase_auth (from `.symlinks/plugins/firebase_auth/ios`)
  - firebase_core (from `.symlinks/plugins/firebase_core/ios`)
  - firebase_crashlytics (from `.symlinks/plugins/firebase_crashlytics/ios`)
  - firebase_storage (from `.symlinks/plugins/firebase_storage/ios`)
  - FirebaseFirestore (from `https://github.com/invertase/firestore-ios-sdk-frameworks.git`, tag `9.6.0`)
  - Flutter (from `Flutter`)
  - google_maps_flutter_ios (from `.symlinks/plugins/google_maps_flutter_ios/ios`)
  - google_sign_in_ios (from `.symlinks/plugins/google_sign_in_ios/ios`)
  - health (from `.symlinks/plugins/health/ios`)
  - image_picker_ios (from `.symlinks/plugins/image_picker_ios/ios`)
  - package_info (from `.symlinks/plugins/package_info/ios`)
  - permission_handler_apple (from `.symlinks/plugins/permission_handler_apple/ios`)
  - sign_in_with_apple (from `.symlinks/plugins/sign_in_with_apple/ios`)
  - url_launcher_ios (from `.symlinks/plugins/url_launcher_ios/ios`)
  - webview_flutter_wkwebview (from `.symlinks/plugins/webview_flutter_wkwebview/ios`)

SPEC REPOS:
  trunk:
    - AppAuth
    - Firebase
    - FirebaseAnalytics
    - FirebaseAppCheckInterop
    - FirebaseAuth
    - FirebaseAuthInterop
    - FirebaseCore
    - FirebaseCoreDiagnostics
    - FirebaseCoreExtension
    - FirebaseCoreInternal
    - FirebaseCrashlytics
    - FirebaseInstallations
    - FirebaseStorage
    - FirebaseStorageInternal
    - GoogleAppMeasurement
    - GoogleDataTransport
    - GoogleMaps
    - GoogleSignIn
    - GoogleUtilities
    - GTMAppAuth
    - GTMSessionFetcher
    - nanopb
    - PromisesObjC

EXTERNAL SOURCES:
  cloud_firestore:
    :path: ".symlinks/plugins/cloud_firestore/ios"
  device_info_plus:
    :path: ".symlinks/plugins/device_info_plus/ios"
  firebase_analytics:
    :path: ".symlinks/plugins/firebase_analytics/ios"
  firebase_auth:
    :path: ".symlinks/plugins/firebase_auth/ios"
  firebase_core:
    :path: ".symlinks/plugins/firebase_core/ios"
  firebase_crashlytics:
    :path: ".symlinks/plugins/firebase_crashlytics/ios"
  firebase_storage:
    :path: ".symlinks/plugins/firebase_storage/ios"
  FirebaseFirestore:
    :git: https://github.com/invertase/firestore-ios-sdk-frameworks.git
    :tag: 9.6.0
  Flutter:
    :path: Flutter
  google_maps_flutter_ios:
    :path: ".symlinks/plugins/google_maps_flutter_ios/ios"
  google_sign_in_ios:
    :path: ".symlinks/plugins/google_sign_in_ios/ios"
  health:
    :path: ".symlinks/plugins/health/ios"
  image_picker_ios:
    :path: ".symlinks/plugins/image_picker_ios/ios"
  package_info:
    :path: ".symlinks/plugins/package_info/ios"
  permission_handler_apple:
    :path: ".symlinks/plugins/permission_handler_apple/ios"
  sign_in_with_apple:
    :path: ".symlinks/plugins/sign_in_with_apple/ios"
  url_launcher_ios:
    :path: ".symlinks/plugins/url_launcher_ios/ios"
  webview_flutter_wkwebview:
    :path: ".symlinks/plugins/webview_flutter_wkwebview/ios"

CHECKOUT OPTIONS:
  FirebaseFirestore:
    :git: https://github.com/invertase/firestore-ios-sdk-frameworks.git
    :tag: 9.6.0

SPEC CHECKSUMS:
  AppAuth: 8fca6b5563a5baef2c04bee27538025e4ceb2add
  cloud_firestore: 49d69be2b924677f2974d8b38acc705c9908c09b
  device_info_plus: e5c5da33f982a436e103237c0c85f9031142abed
  Firebase: 5ae8b7cf8efce559a653aef0ad95bab3f427c351
  firebase_analytics: 9937a91df25cce5b0ee19eaf65277ff8bf0f88e5
  firebase_auth: 07a4db69cfa447ac42cb7faa560fc100708b707c
  firebase_core: 7c28ecc1e5dd74e03829ac3e9ff5ba3314e737a9
  firebase_crashlytics: 520a59314eaaadb34f9be4c2a285d99cfa88ebdb
  firebase_storage: d1d5bb4959e97b203e5076d4d0edbb7028b711fd
  FirebaseAnalytics: 89ad762c6c3852a685794174757e2c60a36b6a82
  FirebaseAppCheckInterop: d5ecda0c09f8069406643d6e0fa12c09d1b736e3
  FirebaseAuth: e4a5d3c36e778e41141b91cc861103a441d80bcc
  FirebaseAuthInterop: b6cf02117f13a8400c8c8b4421e12c6e850bcaf3
  FirebaseCore: 2082fffcd855f95f883c0a1641133eb9bbe76d40
  FirebaseCoreDiagnostics: 99a495094b10a57eeb3ae8efa1665700ad0bdaa6
  FirebaseCoreExtension: e83465d1236b166d1d445bbf0e82b65acb30b73b
  FirebaseCoreInternal: bca76517fe1ed381e989f5e7d8abb0da8d85bed3
  FirebaseCrashlytics: 3210572ddb77801e5a0bd9d7bc890769f2066a0c
  FirebaseFirestore: 9bfe2e814686fb3ba2495b97618b38987e4c8526
  FirebaseInstallations: 0a115432c4e223c5ab20b0dbbe4cbefa793a0e8e
  FirebaseStorage: 1fead543a1f441c3b434c1c9f12560dd82f8b568
  FirebaseStorageInternal: 81d8a597324ccd06c41a43c5700bc1185a2fc328
  Flutter: f04841e97a9d0b0a8025694d0796dd46242b2854
  google_maps_flutter_ios: 66201f392bf62d500f07670a30488a247b9bb5b9
  google_sign_in_ios: 4f85eb9f937450765c8573bb85fd8cd6a5af675c
  GoogleAppMeasurement: 6de2b1a69e4326eb82ee05d138f6a5cb7311bcb1
  GoogleDataTransport: 1c8145da7117bd68bbbed00cf304edb6a24de00f
  GoogleMaps: 65ce5426e2398bb81433c8076f2ab6419c2c5537
  GoogleSignIn: 5651ce3a61e56ca864160e79b484cd9ed3f49b7a
  GoogleUtilities: bad72cb363809015b1f7f19beb1f1cd23c589f95
  GTMAppAuth: 0ff230db599948a9ad7470ca667337803b3fc4dd
  GTMSessionFetcher: 3a63d75eecd6aa32c2fc79f578064e1214dfdec2
  health: 5a380c0f6c4f619535845992993964293962e99e
  image_picker_ios: b786a5dcf033a8336a657191401bfdf12017dabb
  nanopb: b552cce312b6c8484180ef47159bc0f65a1f0431
  package_info: 873975fc26034f0b863a300ad47e7f1ac6c7ec62
  permission_handler_apple: 44366e37eaf29454a1e7b1b7d736c2cceaeb17ce
  PromisesObjC: ab77feca74fa2823e7af4249b8326368e61014cb
  sign_in_with_apple: f3bf75217ea4c2c8b91823f225d70230119b8440
  url_launcher_ios: 839c58cdb4279282219f5e248c3321761ff3c4de
  webview_flutter_wkwebview: d08f59cde5e8402c345c0bdda35ac0031352dcae

PODFILE CHECKSUM: 339ab47ff79550e746e5c839ac3e327be8127e2b

COCOAPODS: 1.11.3
